
Microsoft Visual Studio Solution File, Format Version 12.00
# Visual Studio Version 17
VisualStudioVersion = 17.4.33122.133
MinimumVisualStudioVersion = 10.0.40219.1
Project("{9A19103F-16F7-4668-BE54-9A1E7A4F7556}") = "Repository.Logic", "Repository.Logic\Repository.Logic.csproj", "{FC407980-A749-4D20-AB20-4B66EA7AEF82}"
EndProject
Project("{FAE04EC0-301F-11D3-BF4B-00C04F79EFBC}") = "MusicManager.WpfApp", "MusicManager.WpfApp\MusicManager.WpfApp.csproj", "{BDAACFB0-7DD4-48E5-AA40-16BDB72B9A2F}"
EndProject
Global
	GlobalSection(SolutionConfigurationPlatforms) = preSolution
		Debug|Any CPU = Debug|Any CPU
		Release|Any CPU = Release|Any CPU
	EndGlobalSection
	GlobalSection(ProjectConfigurationPlatforms) = postSolution
		{FC407980-A749-4D20-AB20-4B66EA7AEF82}.Debug|Any CPU.ActiveCfg = Debug|Any CPU
		{FC407980-A749-4D20-AB20-4B66EA7AEF82}.Debug|Any CPU.Build.0 = Debug|Any CPU
		{FC407980-A749-4D20-AB20-4B66EA7AEF82}.Release|Any CPU.ActiveCfg = Release|Any CPU
		{FC407980-A749-4D20-AB20-4B66EA7AEF82}.Release|Any CPU.Build.0 = Release|Any CPU
		{BDAACFB0-7DD4-48E5-AA40-16BDB72B9A2F}.Debug|Any CPU.ActiveCfg = Debug|Any CPU
		{BDAACFB0-7DD4-48E5-AA40-16BDB72B9A2F}.Debug|Any CPU.Build.0 = Debug|Any CPU
		{BDAACFB0-7DD4-48E5-AA40-16BDB72B9A2F}.Release|Any CPU.ActiveCfg = Release|Any CPU
		{BDAACFB0-7DD4-48E5-AA40-16BDB72B9A2F}.Release|Any CPU.Build.0 = Release|Any CPU
	EndGlobalSection
	GlobalSection(SolutionProperties) = preSolution
		HideSolutionNode = FALSE
	EndGlobalSection
	GlobalSection(ExtensibilityGlobals) = postSolution
		SolutionGuid = {0AC97113-9BF9-40D2-8358-0CD7EB53FFCD}
	EndGlobalSection
EndGlobal
